{
  "name": "@hazae41/jsonrpc",
  "version": "1.1.8",
  "lockfileVersion": 2,
  "requires": true,
  "packages": {
    "": {
      "name": "@hazae41/jsonrpc",
      "version": "1.1.8",
      "license": "MIT",
      "dependencies": {
        "@hazae41/result-and-option": "^2.0.10"
      },
      "devDependencies": {
        "@hazae41/phobos": "^2.0.13",
        "@hazae41/tscousin": "^1.0.28",
        "typescript": "^5.9.3"
      }
    },
    "node_modules/@hazae41/phobos": {
      "version": "2.0.16",
      "resolved": "https://registry.npmjs.org/@hazae41/phobos/-/phobos-2.0.16.tgz",
      "integrity": "sha512-XP1KGvTY9dNWIz0EG91BdgBXXZXG/AF5f9LP57FbyF1ut3QjDe18+QLhScrA1RmuX/CEYrmp60jD160zZTPZaw==",
      "dev": true
    },
    "node_modules/@hazae41/result-and-option": {
      "version": "2.0.10",
      "resolved": "https://registry.npmjs.org/@hazae41/result-and-option/-/result-and-option-2.0.10.tgz",
      "integrity": "sha512-Msf15N4OBCSsAxdonghJmbwERQqgc0ZWVPi1yE+oI8maC1FBFacQrym+xNF+lnXXgaTheLAUnx3B8yCA5Z1EWw=="
    },
    "node_modules/@hazae41/tscousin": {
      "version": "1.0.28",
      "resolved": "https://registry.npmjs.org/@hazae41/tscousin/-/tscousin-1.0.28.tgz",
      "integrity": "sha512-Wrg/66m0hLexrifpzJ5a/D7Jzb7FhLzBWrCFAgjZa+DIU8prA5rX4MwD5K34UZ6jsYBRZsYwNeVEYRqOIJHOEQ==",
      "dev": true,
      "bin": {
        "tscousin": "out/bin.js"
      }
    },
    "node_modules/typescript": {
      "version": "5.9.3",
      "resolved": "https://registry.npmjs.org/typescript/-/typescript-5.9.3.tgz",
      "integrity": "sha512-jl1vZzPDinLr9eUt3J/t7V6FgNEw9QjvBPdysz9KfQDD41fQrC2Y4vKQdiaUpFT4bXlb1RHhLpp8wtm6M5TgSw==",
      "dev": true,
      "license": "Apache-2.0",
      "bin": {
        "tsc": "bin/tsc",
        "tsserver": "bin/tsserver"
      },
      "engines": {
        "node": ">=14.17"
      }
    }
  },
  "dependencies": {
    "@hazae41/phobos": {
      "version": "2.0.16",
      "resolved": "https://registry.npmjs.org/@hazae41/phobos/-/phobos-2.0.16.tgz",
      "integrity": "sha512-XP1KGvTY9dNWIz0EG91BdgBXXZXG/AF5f9LP57FbyF1ut3QjDe18+QLhScrA1RmuX/CEYrmp60jD160zZTPZaw==",
      "dev": true
    },
    "@hazae41/result-and-option": {
      "version": "2.0.10",
      "resolved": "https://registry.npmjs.org/@hazae41/result-and-option/-/result-and-option-2.0.10.tgz",
      "integrity": "sha512-Msf15N4OBCSsAxdonghJmbwERQqgc0ZWVPi1yE+oI8maC1FBFacQrym+xNF+lnXXgaTheLAUnx3B8yCA5Z1EWw=="
    },
    "@hazae41/tscousin": {
      "version": "1.0.28",
      "resolved": "https://registry.npmjs.org/@hazae41/tscousin/-/tscousin-1.0.28.tgz",
      "integrity": "sha512-Wrg/66m0hLexrifpzJ5a/D7Jzb7FhLzBWrCFAgjZa+DIU8prA5rX4MwD5K34UZ6jsYBRZsYwNeVEYRqOIJHOEQ==",
      "dev": true
    },
    "typescript": {
      "version": "5.9.3",
      "resolved": "https://registry.npmjs.org/typescript/-/typescript-5.9.3.tgz",
      "integrity": "sha512-jl1vZzPDinLr9eUt3J/t7V6FgNEw9QjvBPdysz9KfQDD41fQrC2Y4vKQdiaUpFT4bXlb1RHhLpp8wtm6M5TgSw==",
      "dev": true
    }
  }
}
